
Microsoft Visual Studio Solution File, Format Version 12.00
Project("{FAE04EC0-301F-11D3-BF4B-00C04F79EFBC}") = "NoA_API-Assignment", "NoA_API-Assignment\NoA_API-Assignment.csproj", "{20F8E67D-2428-4A73-8708-7A63B4053F3A}"
EndProject
Global
	GlobalSection(SolutionConfigurationPlatforms) = preSolution
		Debug|Any CPU = Debug|Any CPU
		Release|Any CPU = Release|Any CPU
	EndGlobalSection
	GlobalSection(ProjectConfigurationPlatforms) = postSolution
		{20F8E67D-2428-4A73-8708-7A63B4053F3A}.Debug|Any CPU.ActiveCfg = Debug|Any CPU
		{20F8E67D-2428-4A73-8708-7A63B4053F3A}.Debug|Any CPU.Build.0 = Debug|Any CPU
		{20F8E67D-2428-4A73-8708-7A63B4053F3A}.Release|Any CPU.ActiveCfg = Release|Any CPU
		{20F8E67D-2428-4A73-8708-7A63B4053F3A}.Release|Any CPU.Build.0 = Release|Any CPU
	EndGlobalSection
EndGlobal
